
Microsoft Visual Studio Solution File, Format Version 12.00
# Visual Studio 15
VisualStudioVersion = 15.0.26124.0
MinimumVisualStudioVersion = 15.0.26124.0
Project("{FAE04EC0-301F-11D3-BF4B-00C04F79EFBC}") = "emergencia-covid", "emergencia-covid\emergencia-covid.csproj", "{8DEA108F-BB95-4421-AD44-C3D297FE0781}"
EndProject
Project("{FAE04EC0-301F-11D3-BF4B-00C04F79EFBC}") = "Entidad", "Entidad\Entidad.csproj", "{4FE36C67-012E-4039-AA21-5E07FB66629D}"
EndProject
Project("{FAE04EC0-301F-11D3-BF4B-00C04F79EFBC}") = "Logica", "Logica\Logica.csproj", "{4C082DDA-1F7E-4663-83D8-C14A748F568F}"
EndProject
Project("{FAE04EC0-301F-11D3-BF4B-00C04F79EFBC}") = "Datos", "Datos\Datos.csproj", "{7F4D0679-00D2-43AB-84D9-0D7286F023B9}"
EndProject
Global
	GlobalSection(SolutionConfigurationPlatforms) = preSolution
		Debug|Any CPU = Debug|Any CPU
		Debug|x64 = Debug|x64
		Debug|x86 = Debug|x86
		Release|Any CPU = Release|Any CPU
		Release|x64 = Release|x64
		Release|x86 = Release|x86
	EndGlobalSection
	GlobalSection(SolutionProperties) = preSolution
		HideSolutionNode = FALSE
	EndGlobalSection
	GlobalSection(ProjectConfigurationPlatforms) = postSolution
		{8DEA108F-BB95-4421-AD44-C3D297FE0781}.Debug|Any CPU.ActiveCfg = Debug|Any CPU
		{8DEA108F-BB95-4421-AD44-C3D297FE0781}.Debug|Any CPU.Build.0 = Debug|Any CPU
		{8DEA108F-BB95-4421-AD44-C3D297FE0781}.Debug|x64.ActiveCfg = Debug|Any CPU
		{8DEA108F-BB95-4421-AD44-C3D297FE0781}.Debug|x64.Build.0 = Debug|Any CPU
		{8DEA108F-BB95-4421-AD44-C3D297FE0781}.Debug|x86.ActiveCfg = Debug|Any CPU
		{8DEA108F-BB95-4421-AD44-C3D297FE0781}.Debug|x86.Build.0 = Debug|Any CPU
		{8DEA108F-BB95-4421-AD44-C3D297FE0781}.Release|Any CPU.ActiveCfg = Release|Any CPU
		{8DEA108F-BB95-4421-AD44-C3D297FE0781}.Release|Any CPU.Build.0 = Release|Any CPU
		{8DEA108F-BB95-4421-AD44-C3D297FE0781}.Release|x64.ActiveCfg = Release|Any CPU
		{8DEA108F-BB95-4421-AD44-C3D297FE0781}.Release|x64.Build.0 = Release|Any CPU
		{8DEA108F-BB95-4421-AD44-C3D297FE0781}.Release|x86.ActiveCfg = Release|Any CPU
		{8DEA108F-BB95-4421-AD44-C3D297FE0781}.Release|x86.Build.0 = Release|Any CPU
		{4FE36C67-012E-4039-AA21-5E07FB66629D}.Debug|Any CPU.ActiveCfg = Debug|Any CPU
		{4FE36C67-012E-4039-AA21-5E07FB66629D}.Debug|Any CPU.Build.0 = Debug|Any CPU
		{4FE36C67-012E-4039-AA21-5E07FB66629D}.Debug|x64.ActiveCfg = Debug|Any CPU
		{4FE36C67-012E-4039-AA21-5E07FB66629D}.Debug|x64.Build.0 = Debug|Any CPU
		{4FE36C67-012E-4039-AA21-5E07FB66629D}.Debug|x86.ActiveCfg = Debug|Any CPU
		{4FE36C67-012E-4039-AA21-5E07FB66629D}.Debug|x86.Build.0 = Debug|Any CPU
		{4FE36C67-012E-4039-AA21-5E07FB66629D}.Release|Any CPU.ActiveCfg = Release|Any CPU
		{4FE36C67-012E-4039-AA21-5E07FB66629D}.Release|Any CPU.Build.0 = Release|Any CPU
		{4FE36C67-012E-4039-AA21-5E07FB66629D}.Release|x64.ActiveCfg = Release|Any CPU
		{4FE36C67-012E-4039-AA21-5E07FB66629D}.Release|x64.Build.0 = Release|Any CPU
		{4FE36C67-012E-4039-AA21-5E07FB66629D}.Release|x86.ActiveCfg = Release|Any CPU
		{4FE36C67-012E-4039-AA21-5E07FB66629D}.Release|x86.Build.0 = Release|Any CPU
		{4C082DDA-1F7E-4663-83D8-C14A748F568F}.Debug|Any CPU.ActiveCfg = Debug|Any CPU
		{4C082DDA-1F7E-4663-83D8-C14A748F568F}.Debug|Any CPU.Build.0 = Debug|Any CPU
		{4C082DDA-1F7E-4663-83D8-C14A748F568F}.Debug|x64.ActiveCfg = Debug|Any CPU
		{4C082DDA-1F7E-4663-83D8-C14A748F568F}.Debug|x64.Build.0 = Debug|Any CPU
		{4C082DDA-1F7E-4663-83D8-C14A748F568F}.Debug|x86.ActiveCfg = Debug|Any CPU
		{4C082DDA-1F7E-4663-83D8-C14A748F568F}.Debug|x86.Build.0 = Debug|Any CPU
		{4C082DDA-1F7E-4663-83D8-C14A748F568F}.Release|Any CPU.ActiveCfg = Release|Any CPU
		{4C082DDA-1F7E-4663-83D8-C14A748F568F}.Release|Any CPU.Build.0 = Release|Any CPU
		{4C082DDA-1F7E-4663-83D8-C14A748F568F}.Release|x64.ActiveCfg = Release|Any CPU
		{4C082DDA-1F7E-4663-83D8-C14A748F568F}.Release|x64.Build.0 = Release|Any CPU
		{4C082DDA-1F7E-4663-83D8-C14A748F568F}.Release|x86.ActiveCfg = Release|Any CPU
		{4C082DDA-1F7E-4663-83D8-C14A748F568F}.Release|x86.Build.0 = Release|Any CPU
		{7F4D0679-00D2-43AB-84D9-0D7286F023B9}.Debug|Any CPU.ActiveCfg = Debug|Any CPU
		{7F4D0679-00D2-43AB-84D9-0D7286F023B9}.Debug|Any CPU.Build.0 = Debug|Any CPU
		{7F4D0679-00D2-43AB-84D9-0D7286F023B9}.Debug|x64.ActiveCfg = Debug|Any CPU
		{7F4D0679-00D2-43AB-84D9-0D7286F023B9}.Debug|x64.Build.0 = Debug|Any CPU
		{7F4D0679-00D2-43AB-84D9-0D7286F023B9}.Debug|x86.ActiveCfg = Debug|Any CPU
		{7F4D0679-00D2-43AB-84D9-0D7286F023B9}.Debug|x86.Build.0 = Debug|Any CPU
		{7F4D0679-00D2-43AB-84D9-0D7286F023B9}.Release|Any CPU.ActiveCfg = Release|Any CPU
		{7F4D0679-00D2-43AB-84D9-0D7286F023B9}.Release|Any CPU.Build.0 = Release|Any CPU
		{7F4D0679-00D2-43AB-84D9-0D7286F023B9}.Release|x64.ActiveCfg = Release|Any CPU
		{7F4D0679-00D2-43AB-84D9-0D7286F023B9}.Release|x64.Build.0 = Release|Any CPU
		{7F4D0679-00D2-43AB-84D9-0D7286F023B9}.Release|x86.ActiveCfg = Release|Any CPU
		{7F4D0679-00D2-43AB-84D9-0D7286F023B9}.Release|x86.Build.0 = Release|Any CPU
	EndGlobalSection
EndGlobal
